
Microsoft Visual Studio Solution File, Format Version 12.00
# Visual Studio Version 17
VisualStudioVersion = 17.9.34622.214
MinimumVisualStudioVersion = 10.0.40219.1
Project("{FAE04EC0-301F-11D3-BF4B-00C04F79EFBC}") = "AC3_M3UF5", "AC3_M3UF5\AC3_M3UF5.csproj", "{4E36ECA7-59E9-4134-B99B-B553553FBC1E}"
EndProject
Global
	GlobalSection(SolutionConfigurationPlatforms) = preSolution
		Debug|Any CPU = Debug|Any CPU
		Release|Any CPU = Release|Any CPU
	EndGlobalSection
	GlobalSection(ProjectConfigurationPlatforms) = postSolution
		{4E36ECA7-59E9-4134-B99B-B553553FBC1E}.Debug|Any CPU.ActiveCfg = Debug|Any CPU
		{4E36ECA7-59E9-4134-B99B-B553553FBC1E}.Debug|Any CPU.Build.0 = Debug|Any CPU
		{4E36ECA7-59E9-4134-B99B-B553553FBC1E}.Release|Any CPU.ActiveCfg = Release|Any CPU
		{4E36ECA7-59E9-4134-B99B-B553553FBC1E}.Release|Any CPU.Build.0 = Release|Any CPU
	EndGlobalSection
	GlobalSection(SolutionProperties) = preSolution
		HideSolutionNode = FALSE
	EndGlobalSection
	GlobalSection(ExtensibilityGlobals) = postSolution
		SolutionGuid = {7EA5B825-8C9E-43ED-9E74-B215241747A5}
	EndGlobalSection
EndGlobal
